// !$*UTF8*$!
{
	archiveVersion = 1;
	classes = {
	};
	objectVersion = 46;
	objects = {

/* Begin PBXBuildFile section */
		8EA6FCC9193BF76300599794 /* Foundation.framework in Frameworks */ = {isa = PBXBuildFile; fileRef = 8EA6FCC8193BF76300599794 /* Foundation.framework */; };
		8EA6FCCB193BF76300599794 /* CoreGraphics.framework in Frameworks */ = {isa = PBXBuildFile; fileRef = 8EA6FCCA193BF76300599794 /* CoreGraphics.framework */; };
		8EA6FCCD193BF76300599794 /* UIKit.framework in Frameworks */ = {isa = PBXBuildFile; fileRef = 8EA6FCCC193BF76300599794 /* UIKit.framework */; };
		8EA6FCD3193BF76300599794 /* InfoPlist.strings in Resources */ = {isa = PBXBuildFile; fileRef = 8EA6FCD1193BF76300599794 /* InfoPlist.strings */; };
		8EA6FCD5193BF76300599794 /* main.m in Sources */ = {isa = PBXBuildFile; fileRef = 8EA6FCD4193BF76300599794 /* main.m */; };
		8EA6FCD9193BF76300599794 /* AppDelegate.m in Sources */ = {isa = PBXBuildFile; fileRef = 8EA6FCD8193BF76300599794 /* AppDelegate.m */; };
		8EA6FCDB193BF76300599794 /* Images.xcassets in Resources */ = {isa = PBXBuildFile; fileRef = 8EA6FCDA193BF76300599794 /* Images.xcassets */; };
		8EA6FCE2193BF76400599794 /* XCTest.framework in Frameworks */ = {isa = PBXBuildFile; fileRef = 8EA6FCE1193BF76400599794 /* XCTest.framework */; };
		8EA6FCE3193BF76400599794 /* Foundation.framework in Frameworks */ = {isa = PBXBuildFile; fileRef = 8EA6FCC8193BF76300599794 /* Foundation.framework */; };
		8EA6FCE4193BF76400599794 /* UIKit.framework in Frameworks */ = {isa = PBXBuildFile; fileRef = 8EA6FCCC193BF76300599794 /* UIKit.framework */; };
		8EA6FCEC193BF76400599794 /* InfoPlist.strings in Resources */ = {isa = PBXBuildFile; fileRef = 8EA6FCEA193BF76400599794 /* InfoPlist.strings */; };
		8EA6FCEE193BF76400599794 /* ToDoListTests.m in Sources */ = {isa = PBXBuildFile; fileRef = 8EA6FCED193BF76400599794 /* ToDoListTests.m */; };
/* End PBXBuildFile section */

/* Begin PBXContainerItemProxy section */
		8EA6FCE5193BF76400599794 /* PBXContainerItemProxy */ = {
			isa = PBXContainerItemProxy;
			containerPortal = 8EA6FCBD193BF76300599794 /* Project object */;
			proxyType = 1;
			remoteGlobalIDString = 8EA6FCC4193BF76300599794;
			remoteInfo = ToDoList;
		};
/* End PBXContainerItemProxy section */

/* Begin PBXFileReference section */
		8EA6FCC5193BF76300599794 /* ToDoList.app */ = {isa = PBXFileReference; explicitFileType = wrapper.application; includeInIndex = 0; path = ToDoList.app; sourceTree = BUILT_PRODUCTS_DIR; };
		8EA6FCC8193BF76300599794 /* Foundation.framework */ = {isa = PBXFileReference; lastKnownFileType = wrapper.framework; name = Foundation.framework; path = System/Library/Frameworks/Foundation.framework; sourceTree = SDKROOT; };
		8EA6FCCA193BF76300599794 /* CoreGraphics.framework */ = {isa = PBXFileReference; lastKnownFileType = wrapper.framework; name = CoreGraphics.framework; path = System/Library/Frameworks/CoreGraphics.framework; sourceTree = SDKROOT; };
		8EA6FCCC193BF76300599794 /* UIKit.framework */ = {isa = PBXFileReference; lastKnownFileType = wrapper.framework; name = UIKit.framework; path = System/Library/Frameworks/UIKit.framework; sourceTree = SDKROOT; };
		8EA6FCD0193BF76300599794 /* ToDoList-Info.plist */ = {isa = PBXFileReference; lastKnownFileType = text.plist.xml; path = "ToDoList-Info.plist"; sourceTree = "<group>"; };
		8EA6FCD2193BF76300599794 /* en */ = {isa = PBXFileReference; lastKnownFileType = text.plist.strings; name = en; path = en.lproj/InfoPlist.strings; sourceTree = "<group>"; };
		8EA6FCD4193BF76300599794 /* main.m */ = {isa = PBXFileReference; lastKnownFileType = sourcecode.c.objc; path = main.m; sourceTree = "<group>"; };
		8EA6FCD6193BF76300599794 /* ToDoList-Prefix.pch */ = {isa = PBXFileReference; lastKnownFileType = sourcecode.c.h; path = "ToDoList-Prefix.pch"; sourceTree = "<group>"; };
		8EA6FCD7193BF76300599794 /* AppDelegate.h */ = {isa = PBXFileReference; lastKnownFileType = sourcecode.c.h; path = AppDelegate.h; sourceTree = "<group>"; };
		8EA6FCD8193BF76300599794 /* AppDelegate.m */ = {isa = PBXFileReference; lastKnownFileType = sourcecode.c.objc; path = AppDelegate.m; sourceTree = "<group>"; };
		8EA6FCDA193BF76300599794 /* Images.xcassets */ = {isa = PBXFileReference; lastKnownFileType = folder.assetcatalog; path = Images.xcassets; sourceTree = "<group>"; };
		8EA6FCE0193BF76400599794 /* ToDoListTests.xctest */ = {isa = PBXFileReference; explicitFileType = wrapper.cfbundle; includeInIndex = 0; path = ToDoListTests.xctest; sourceTree = BUILT_PRODUCTS_DIR; };
		8EA6FCE1193BF76400599794 /* XCTest.framework */ = {isa = PBXFileReference; lastKnownFileType = wrapper.framework; name = XCTest.framework; path = Library/Frameworks/XCTest.framework; sourceTree = DEVELOPER_DIR; };
		8EA6FCE9193BF76400599794 /* ToDoListTests-Info.plist */ = {isa = PBXFileReference; lastKnownFileType = text.plist.xml; path = "ToDoListTests-Info.plist"; sourceTree = "<group>"; };
		8EA6FCEB193BF76400599794 /* en */ = {isa = PBXFileReference; lastKnownFileType = text.plist.strings; name = en; path = en.lproj/InfoPlist.strings; sourceTree = "<group>"; };
		8EA6FCED193BF76400599794 /* ToDoListTests.m */ = {isa = PBXFileReference; lastKnownFileType = sourcecode.c.objc; path = ToDoListTests.m; sourceTree = "<group>"; };
/* End PBXFileReference section */

/* Begin PBXFrameworksBuildPhase section */
		8EA6FCC2193BF76300599794 /* Frameworks */ = {
			isa = PBXFrameworksBuildPhase;
			buildActionMask = 2147483647;
			files = (
				8EA6FCCB193BF76300599794 /* CoreGraphics.framework in Frameworks */,
				8EA6FCCD193BF76300599794 /* UIKit.framework in Frameworks */,
				8EA6FCC9193BF76300599794 /* Foundation.framework in Frameworks */,
			);
			runOnlyForDeploymentPostprocessing = 0;
		};
		8EA6FCDD193BF76400599794 /* Frameworks */ = {
			isa = PBXFrameworksBuildPhase;
			buildActionMask = 2147483647;
			files = (
				8EA6FCE2193BF76400599794 /* XCTest.framework in Frameworks */,
				8EA6FCE4193BF76400599794 /* UIKit.framework in Frameworks */,
				8EA6FCE3193BF76400599794 /* Foundation.framework in Frameworks */,
			);
			runOnlyForDeploymentPostprocessing = 0;
		};
/* End PBXFrameworksBuildPhase section */

/* Begin PBXGroup section */
		8EA6FCBC193BF76300599794 = {
			isa = PBXGroup;
			children = (
				8EA6FCCE193BF76300599794 /* ToDoList */,
				8EA6FCE7193BF76400599794 /* ToDoListTests */,
				8EA6FCC7193BF76300599794 /* Frameworks */,
				8EA6FCC6193BF76300599794 /* Products */,
			);
			sourceTree = "<group>";
		};
		8EA6FCC6193BF76300599794 /* Products */ = {
			isa = PBXGroup;
			children = (
				8EA6FCC5193BF76300599794 /* ToDoList.app */,
				8EA6FCE0193BF76400599794 /* ToDoListTests.xctest */,
			);
			name = Products;
			sourceTree = "<group>";
		};
		8EA6FCC7193BF76300599794 /* Frameworks */ = {
			isa = PBXGroup;
			children = (
				8EA6FCC8193BF76300599794 /* Foundation.framework */,
				8EA6FCCA193BF76300599794 /* CoreGraphics.framework */,
				8EA6FCCC193BF76300599794 /* UIKit.framework */,
				8EA6FCE1193BF76400599794 /* XCTest.framework */,
			);
			name = Frameworks;
			sourceTree = "<group>";
		};
		8EA6FCCE193BF76300599794 /* ToDoList */ = {
			isa = PBXGroup;
			children = (
				8EA6FCD7193BF76300599794 /* AppDelegate.h */,
				8EA6FCD8193BF76300599794 /* AppDelegate.m */,
				8EA6FCDA193BF76300599794 /* Images.xcassets */,
				8EA6FCCF193BF76300599794 /* Supporting Files */,
			);
			path = ToDoList;
			sourceTree = "<group>";
		};
		8EA6FCCF193BF76300599794 /* Supporting Files */ = {
			isa = PBXGroup;
			children = (
				8EA6FCD0193BF76300599794 /* ToDoList-Info.plist */,
				8EA6FCD1193BF76300599794 /* InfoPlist.strings */,
				8EA6FCD4193BF76300599794 /* main.m */,
				8EA6FCD6193BF76300599794 /* ToDoList-Prefix.pch */,
			);
			name = "Supporting Files";
			sourceTree = "<group>";
		};
		8EA6FCE7193BF76400599794 /* ToDoListTests */ = {
			isa = PBXGroup;
			children = (
				8EA6FCED193BF76400599794 /* ToDoListTests.m */,
				8EA6FCE8193BF76400599794 /* Supporting Files */,
			);
			path = ToDoListTests;
			sourceTree = "<group>";
		};
		8EA6FCE8193BF76400599794 /* Supporting Files */ = {
			isa = PBXGroup;
			children = (
				8EA6FCE9193BF76400599794 /* ToDoListTests-Info.plist */,
				8EA6FCEA193BF76400599794 /* InfoPlist.strings */,
			);
			name = "Supporting Files";
			sourceTree = "<group>";
		};
/* End PBXGroup section */

/* Begin PBXNativeTarget section */
		8EA6FCC4193BF76300599794 /* ToDoList */ = {
			isa = PBXNativeTarget;
			buildConfigurationList = 8EA6FCF1193BF76400599794 /* Build configuration list for PBXNativeTarget "ToDoList" */;
			buildPhases = (
				8EA6FCC1193BF76300599794 /* Sources */,
				8EA6FCC2193BF76300599794 /* Frameworks */,
				8EA6FCC3193BF76300599794 /* Resources */,
			);
			buildRules = (
			);
			dependencies = (
			);
			name = ToDoList;
			productName = ToDoList;
			productReference = 8EA6FCC5193BF76300599794 /* ToDoList.app */;
			productType = "com.apple.product-type.application";
		};
		8EA6FCDF193BF76400599794 /* ToDoListTests */ = {
			isa = PBXNativeTarget;
			buildConfigurationList = 8EA6FCF4193BF76400599794 /* Build configuration list for PBXNativeTarget "ToDoListTests" */;
			buildPhases = (
				8EA6FCDC193BF76400599794 /* Sources */,
				8EA6FCDD193BF76400599794 /* Frameworks */,
				8EA6FCDE193BF76400599794 /* Resources */,
			);
			buildRules = (
			);
			dependencies = (
				8EA6FCE6193BF76400599794 /* PBXTargetDependency */,
			);
			name = ToDoListTests;
			productName = ToDoListTests;
			productReference = 8EA6FCE0193BF76400599794 /* ToDoListTests.xctest */;
			productType = "com.apple.product-type.bundle.unit-test";
		};
/* End PBXNativeTarget section */

/* Begin PBXProject section */
		8EA6FCBD193BF76300599794 /* Project object */ = {
			isa = PBXProject;
			attributes = {
				LastUpgradeCheck = 0510;
				TargetAttributes = {
					8EA6FCDF193BF76400599794 = {
						TestTargetID = 8EA6FCC4193BF76300599794;
					};
				};
			};
			buildConfigurationList = 8EA6FCC0193BF76300599794 /* Build configuration list for PBXProject "ToDoList" */;
			compatibilityVersion = "Xcode 3.2";
			developmentRegion = English;
			hasScannedForEncodings = 0;
			knownRegions = (
				en,
			);
			mainGroup = 8EA6FCBC193BF76300599794;
			productRefGroup = 8EA6FCC6193BF76300599794 /* Products */;
			projectDirPath = "";
			projectRoot = "";
			targets = (
				8EA6FCC4193BF76300599794 /* ToDoList */,
				8EA6FCDF193BF76400599794 /* ToDoListTests */,
			);
		};
/* End PBXProject section */

/* Begin PBXResourcesBuildPhase section */
		8EA6FCC3193BF76300599794 /* Resources */ = {
			isa = PBXResourcesBuildPhase;
			buildActionMask = 2147483647;
			files = (
				8EA6FCD3193BF76300599794 /* InfoPlist.strings in Resources */,
				8EA6FCDB193BF76300599794 /* Images.xcassets in Resources */,
			);
			runOnlyForDeploymentPostprocessing = 0;
		};
		8EA6FCDE193BF76400599794 /* Resources */ = {
			isa = PBXResourcesBuildPhase;
			buildActionMask = 2147483647;
			files = (
				8EA6FCEC193BF76400599794 /* InfoPlist.strings in Resources */,
			);
			runOnlyForDeploymentPostprocessing = 0;
		};
/* End PBXResourcesBuildPhase section */

/* Begin PBXSourcesBuildPhase section */
		8EA6FCC1193BF76300599794 /* Sources */ = {
			isa = PBXSourcesBuildPhase;
			buildActionMask = 2147483647;
			files = (
				8EA6FCD9193BF76300599794 /* AppDelegate.m in Sources */,
				8EA6FCD5193BF76300599794 /* main.m in Sources */,
			);
			runOnlyForDeploymentPostprocessing = 0;
		};
		8EA6FCDC193BF76400599794 /* Sources */ = {
			isa = PBXSourcesBuildPhase;
			buildActionMask = 2147483647;
			files = (
				8EA6FCEE193BF76400599794 /* ToDoListTests.m in Sources */,
			);
			runOnlyForDeploymentPostprocessing = 0;
		};
/* End PBXSourcesBuildPhase section */

/* Begin PBXTargetDependency section */
		8EA6FCE6193BF76400599794 /* PBXTargetDependency */ = {
			isa = PBXTargetDependency;
			target = 8EA6FCC4193BF76300599794 /* ToDoList */;
			targetProxy = 8EA6FCE5193BF76400599794 /* PBXContainerItemProxy */;
		};
/* End PBXTargetDependency section */

/* Begin PBXVariantGroup section */
		8EA6FCD1193BF76300599794 /* InfoPlist.strings */ = {
			isa = PBXVariantGroup;
			children = (
				8EA6FCD2193BF76300599794 /* en */,
			);
			name = InfoPlist.strings;
			sourceTree = "<group>";
		};
		8EA6FCEA193BF76400599794 /* InfoPlist.strings */ = {
			isa = PBXVariantGroup;
			children = (
				8EA6FCEB193BF76400599794 /* en */,
			);
			name = InfoPlist.strings;
			sourceTree = "<group>";
		};
/* End PBXVariantGroup section */

/* Begin XCBuildConfiguration section */
		8EA6FCEF193BF76400599794 /* Debug */ = {
			isa = XCBuildConfiguration;
			buildSettings = {
				ALWAYS_SEARCH_USER_PATHS = NO;
				CLANG_CXX_LANGUAGE_STANDARD = "gnu++0x";
				CLANG_CXX_LIBRARY = "libc++";
				CLANG_ENABLE_MODULES = YES;
				CLANG_ENABLE_OBJC_ARC = YES;
				CLANG_WARN_BOOL_CONVERSION = YES;
				CLANG_WARN_CONSTANT_CONVERSION = YES;
				CLANG_WARN_DIRECT_OBJC_ISA_USAGE = YES_ERROR;
				CLANG_WARN_EMPTY_BODY = YES;
				CLANG_WARN_ENUM_CONVERSION = YES;
				CLANG_WARN_INT_CONVERSION = YES;
				CLANG_WARN_OBJC_ROOT_CLASS = YES_ERROR;
				CLANG_WARN__DUPLICATE_METHOD_MATCH = YES;
				"CODE_SIGN_IDENTITY[sdk=iphoneos*]" = "iPhone Developer";
				COPY_PHASE_STRIP = NO;
				GCC_C_LANGUAGE_STANDARD = gnu99;
				GCC_DYNAMIC_NO_PIC = NO;
				GCC_OPTIMIZATION_LEVEL = 0;
				GCC_PREPROCESSOR_DEFINITIONS = (
					"DEBUG=1",
					"$(inherited)",
				);
				GCC_SYMBOLS_PRIVATE_EXTERN = NO;
				GCC_WARN_64_TO_32_BIT_CONVERSION = YES;
				GCC_WARN_ABOUT_RETURN_TYPE = YES_ERROR;
				GCC_WARN_UNDECLARED_SELECTOR = YES;
				GCC_WARN_UNINITIALIZED_AUTOS = YES_AGGRESSIVE;
				GCC_WARN_UNUSED_FUNCTION = YES;
				GCC_WARN_UNUSED_VARIABLE = YES;
				IPHONEOS_DEPLOYMENT_TARGET = 7.1;
				ONLY_ACTIVE_ARCH = YES;
				SDKROOT = iphoneos;
			};
			name = Debug;
		};
		8EA6FCF0193BF76400599794 /* Release */ = {
			isa = XCBuildConfiguration;
			buildSettings = {
				ALWAYS_SEARCH_USER_PATHS = NO;
				CLANG_CXX_LANGUAGE_STANDARD = "gnu++0x";
				CLANG_CXX_LIBRARY = "libc++";
				CLANG_ENABLE_MODULES = YES;
				CLANG_ENABLE_OBJC_ARC = YES;
				CLANG_WARN_BOOL_CONVERSION = YES;
				CLANG_WARN_CONSTANT_CONVERSION = YES;
				CLANG_WARN_DIRECT_OBJC_ISA_USAGE = YES_ERROR;
				CLANG_WARN_EMPTY_BODY = YES;
				CLANG_WARN_ENUM_CONVERSION = YES;
				CLANG_WARN_INT_CONVERSION = YES;
				CLANG_WARN_OBJC_ROOT_CLASS = YES_ERROR;
				CLANG_WARN__DUPLICATE_METHOD_MATCH = YES;
				"CODE_SIGN_IDENTITY[sdk=iphoneos*]" = "iPhone Developer";
				COPY_PHASE_STRIP = YES;
				ENABLE_NS_ASSERTIONS = NO;
				GCC_C_LANGUAGE_STANDARD = gnu99;
				GCC_WARN_64_TO_32_BIT_CONVERSION = YES;
				GCC_WARN_ABOUT_RETURN_TYPE = YES_ERROR;
				GCC_WARN_UNDECLARED_SELECTOR = YES;
				GCC_WARN_UNINITIALIZED_AUTOS = YES_AGGRESSIVE;
				GCC_WARN_UNUSED_FUNCTION = YES;
				GCC_WARN_UNUSED_VARIABLE = YES;
				IPHONEOS_DEPLOYMENT_TARGET = 7.1;
				SDKROOT = iphoneos;
				VALIDATE_PRODUCT = YES;
			};
			name = Release;
		};
		8EA6FCF2193BF76400599794 /* Debug */ = {
			isa = XCBuildConfiguration;
			buildSettings = {
				ASSETCATALOG_COMPILER_APPICON_NAME = AppIcon;
				ASSETCATALOG_COMPILER_LAUNCHIMAGE_NAME = LaunchImage;
				GCC_PRECOMPILE_PREFIX_HEADER = YES;
				GCC_PREFIX_HEADER = "ToDoList/ToDoList-Prefix.pch";
				INFOPLIST_FILE = "ToDoList/ToDoList-Info.plist";
				PRODUCT_NAME = "$(TARGET_NAME)";
				WRAPPER_EXTENSION = app;
			};
			name = Debug;
		};
		8EA6FCF3193BF76400599794 /* Release */ = {
			isa = XCBuildConfiguration;
			buildSettings = {
				ASSETCATALOG_COMPILER_APPICON_NAME = AppIcon;
				ASSETCATALOG_COMPILER_LAUNCHIMAGE_NAME = LaunchImage;
				GCC_PRECOMPILE_PREFIX_HEADER = YES;
				GCC_PREFIX_HEADER = "ToDoList/ToDoList-Prefix.pch";
				INFOPLIST_FILE = "ToDoList/ToDoList-Info.plist";
				PRODUCT_NAME = "$(TARGET_NAME)";
				WRAPPER_EXTENSION = app;
			};
			name = Release;
		};
		8EA6FCF5193BF76400599794 /* Debug */ = {
			isa = XCBuildConfiguration;
			buildSettings = {
				BUNDLE_LOADER = "$(BUILT_PRODUCTS_DIR)/ToDoList.app/ToDoList";
				FRAMEWORK_SEARCH_PATHS = (
					"$(SDKROOT)/Developer/Library/Frameworks",
					"$(inherited)",
					"$(DEVELOPER_FRAMEWORKS_DIR)",
				);
				GCC_PRECOMPILE_PREFIX_HEADER = YES;
				GCC_PREFIX_HEADER = "ToDoList/ToDoList-Prefix.pch";
				GCC_PREPROCESSOR_DEFINITIONS = (
					"DEBUG=1",
					"$(inherited)",
				);
				INFOPLIST_FILE = "ToDoListTests/ToDoListTests-Info.plist";
				PRODUCT_NAME = "$(TARGET_NAME)";
				TEST_HOST = "$(BUNDLE_LOADER)";
				WRAPPER_EXTENSION = xctest;
			};
			name = Debug;
		};
		8EA6FCF6193BF76400599794 /* Release */ = {
			isa = XCBuildConfiguration;
			buildSettings = {
				BUNDLE_LOADER = "$(BUILT_PRODUCTS_DIR)/ToDoList.app/ToDoList";
				FRAMEWORK_SEARCH_PATHS = (
					"$(SDKROOT)/Developer/Library/Frameworks",
					"$(inherited)",
					"$(DEVELOPER_FRAMEWORKS_DIR)",
				);
				GCC_PRECOMPILE_PREFIX_HEADER = YES;
				GCC_PREFIX_HEADER = "ToDoList/ToDoList-Prefix.pch";
				INFOPLIST_FILE = "ToDoListTests/ToDoListTests-Info.plist";
				PRODUCT_NAME = "$(TARGET_NAME)";
				TEST_HOST = "$(BUNDLE_LOADER)";
				WRAPPER_EXTENSION = xctest;
			};
			name = Release;
		};
/* End XCBuildConfiguration section */

/* Begin XCConfigurationList section */
		8EA6FCC0193BF76300599794 /* Build configuration list for PBXProject "ToDoList" */ = {
			isa = XCConfigurationList;
			buildConfigurations = (
				8EA6FCEF193BF76400599794 /* Debug */,
				8EA6FCF0193BF76400599794 /* Release */,
			);
			defaultConfigurationIsVisible = 0;
			defaultConfigurationName = Release;
		};
		8EA6FCF1193BF76400599794 /* Build configuration list for PBXNativeTarget "ToDoList" */ = {
			isa = XCConfigurationList;
			buildConfigurations = (
				8EA6FCF2193BF76400599794 /* Debug */,
				8EA6FCF3193BF76400599794 /* Release */,
			);
			defaultConfigurationIsVisible = 0;
		};
		8EA6FCF4193BF76400599794 /* Build configuration list for PBXNativeTarget "ToDoListTests" */ = {
			isa = XCConfigurationList;
			buildConfigurations = (
				8EA6FCF5193BF76400599794 /* Debug */,
				8EA6FCF6193BF76400599794 /* Release */,
			);
			defaultConfigurationIsVisible = 0;
		};
/* End XCConfigurationList section */
	};
	rootObject = 8EA6FCBD193BF76300599794 /* Project object */;
}
